# This file is automatically @generated by Cargo.
# It is not intended for manual editing.
version = 4

[[package]]
name = "el-core"
version = "0.1.0"

[[package]]
name = "el-memory"
version = "0.1.0"
dependencies = [
 "el-core",
]

[[package]]
name = "el-provenance"
version = "0.1.0"
dependencies = [
 "el-core",
]

[[package]]
name = "el-runtime"
version = "0.1.0"
dependencies = [
 "el-core",
 "el-memory",
 "el-provenance",
 "el-safety",
]

[[package]]
name = "el-safety"
version = "0.1.0"
dependencies = [
 "el-core",
]

[[package]]
name = "el-telemetry"
version = "0.1.0"
dependencies = [
 "el-core",
]
